
Microsoft Visual Studio Solution File, Format Version 12.00
# Visual Studio 2013
VisualStudioVersion = 12.0.30501.0
MinimumVisualStudioVersion = 10.0.40219.1
Project("{FAE04EC0-301F-11D3-BF4B-00C04F79EFBC}") = "ThreeThingGameThree", "ThreeThingGameThree\ThreeThingGameThree\ThreeThingGameThree.csproj", "{FA1FD5C3-4F55-4E43-8A9D-DB09937B485C}"
EndProject
Project("{96E2B04D-8817-42C6-938A-82C39BA4D311}") = "ThreeThingGameThreeContent", "ThreeThingGameThree\ThreeThingGameThreeContent\ThreeThingGameThreeContent.contentproj", "{35BE7C10-3D0F-4F62-B14F-0D9A7B9DCA23}"
EndProject
Global
	GlobalSection(SolutionConfigurationPlatforms) = preSolution
		Debug|x86 = Debug|x86
		Release|x86 = Release|x86
	EndGlobalSection
	GlobalSection(ProjectConfigurationPlatforms) = postSolution
		{FA1FD5C3-4F55-4E43-8A9D-DB09937B485C}.Debug|x86.ActiveCfg = Debug|x86
		{FA1FD5C3-4F55-4E43-8A9D-DB09937B485C}.Debug|x86.Build.0 = Debug|x86
		{FA1FD5C3-4F55-4E43-8A9D-DB09937B485C}.Release|x86.ActiveCfg = Release|x86
		{FA1FD5C3-4F55-4E43-8A9D-DB09937B485C}.Release|x86.Build.0 = Release|x86
		{35BE7C10-3D0F-4F62-B14F-0D9A7B9DCA23}.Debug|x86.ActiveCfg = Debug|x86
		{35BE7C10-3D0F-4F62-B14F-0D9A7B9DCA23}.Release|x86.ActiveCfg = Release|x86
	EndGlobalSection
	GlobalSection(SolutionProperties) = preSolution
		HideSolutionNode = FALSE
	EndGlobalSection
EndGlobal
